
Microsoft Visual Studio Solution File, Format Version 12.00
# Visual Studio Version 16
VisualStudioVersion = 16.0.30621.155
MinimumVisualStudioVersion = 10.0.40219.1
Project("{2150E333-8FDC-42A3-9474-1A3956D46DE8}") = "src", "src", "{0D398DA9-775A-4453-BF18-CF563604846D}"
EndProject
Project("{2150E333-8FDC-42A3-9474-1A3956D46DE8}") = "Core", "Core", "{7FE44FB9-DA06-4793-A538-4ED3B8553C43}"
EndProject
Project("{2150E333-8FDC-42A3-9474-1A3956D46DE8}") = "Infraestructure", "Infraestructure", "{5FDB6776-DDD9-4B0A-B677-4ECFCFB7FB0E}"
EndProject
Project("{2150E333-8FDC-42A3-9474-1A3956D46DE8}") = "Presentation", "Presentation", "{DFF2694B-180A-431B-A657-6B400CA7BF4B}"
EndProject
Project("{FAE04EC0-301F-11D3-BF4B-00C04F79EFBC}") = "Application", "Application\Application.csproj", "{A979B9C8-BD12-483F-B8C3-2BFAC76C2A21}"
EndProject
Project("{FAE04EC0-301F-11D3-BF4B-00C04F79EFBC}") = "Domain", "Domain\Domain.csproj", "{29F54E5C-0916-4390-9E0E-F6AF218707E0}"
EndProject
Project("{FAE04EC0-301F-11D3-BF4B-00C04F79EFBC}") = "Persistence", "Persistence\Persistence.csproj", "{EE88B3FF-47FA-4FE3-9C5B-07C40B6F5A63}"
EndProject
Project("{FAE04EC0-301F-11D3-BF4B-00C04F79EFBC}") = "Shared", "Shared\Shared.csproj", "{0E4F0DA7-71FE-4030-9C43-9389FC72E15B}"
EndProject
Project("{2150E333-8FDC-42A3-9474-1A3956D46DE8}") = "test", "test", "{C3AFF9EF-84C6-45A8-ACD9-04314F0D26D1}"
EndProject
Project("{FAE04EC0-301F-11D3-BF4B-00C04F79EFBC}") = "WebApi", "WebApi\WebApi.csproj", "{E7C87EDD-6C4E-4BE4-B841-0CEC28BC2C37}"
EndProject
Project("{2150E333-8FDC-42A3-9474-1A3956D46DE8}") = "Web", "Web", "{40D9156A-AB8B-492F-9ECC-600341753300}"
EndProject
Project("{9A19103F-16F7-4668-BE54-9A1E7A4F7556}") = "Web", "Travel.Web\Web.csproj", "{F411962B-6B22-49C9-B9A5-33FAAC76EE17}"
EndProject
Global
	GlobalSection(SolutionConfigurationPlatforms) = preSolution
		Debug|Any CPU = Debug|Any CPU
		Release|Any CPU = Release|Any CPU
	EndGlobalSection
	GlobalSection(ProjectConfigurationPlatforms) = postSolution
		{A979B9C8-BD12-483F-B8C3-2BFAC76C2A21}.Debug|Any CPU.ActiveCfg = Debug|Any CPU
		{A979B9C8-BD12-483F-B8C3-2BFAC76C2A21}.Debug|Any CPU.Build.0 = Debug|Any CPU
		{A979B9C8-BD12-483F-B8C3-2BFAC76C2A21}.Release|Any CPU.ActiveCfg = Release|Any CPU
		{A979B9C8-BD12-483F-B8C3-2BFAC76C2A21}.Release|Any CPU.Build.0 = Release|Any CPU
		{29F54E5C-0916-4390-9E0E-F6AF218707E0}.Debug|Any CPU.ActiveCfg = Debug|Any CPU
		{29F54E5C-0916-4390-9E0E-F6AF218707E0}.Debug|Any CPU.Build.0 = Debug|Any CPU
		{29F54E5C-0916-4390-9E0E-F6AF218707E0}.Release|Any CPU.ActiveCfg = Release|Any CPU
		{29F54E5C-0916-4390-9E0E-F6AF218707E0}.Release|Any CPU.Build.0 = Release|Any CPU
		{EE88B3FF-47FA-4FE3-9C5B-07C40B6F5A63}.Debug|Any CPU.ActiveCfg = Debug|Any CPU
		{EE88B3FF-47FA-4FE3-9C5B-07C40B6F5A63}.Debug|Any CPU.Build.0 = Debug|Any CPU
		{EE88B3FF-47FA-4FE3-9C5B-07C40B6F5A63}.Release|Any CPU.ActiveCfg = Release|Any CPU
		{EE88B3FF-47FA-4FE3-9C5B-07C40B6F5A63}.Release|Any CPU.Build.0 = Release|Any CPU
		{0E4F0DA7-71FE-4030-9C43-9389FC72E15B}.Debug|Any CPU.ActiveCfg = Debug|Any CPU
		{0E4F0DA7-71FE-4030-9C43-9389FC72E15B}.Debug|Any CPU.Build.0 = Debug|Any CPU
		{0E4F0DA7-71FE-4030-9C43-9389FC72E15B}.Release|Any CPU.ActiveCfg = Release|Any CPU
		{0E4F0DA7-71FE-4030-9C43-9389FC72E15B}.Release|Any CPU.Build.0 = Release|Any CPU
		{E7C87EDD-6C4E-4BE4-B841-0CEC28BC2C37}.Debug|Any CPU.ActiveCfg = Debug|Any CPU
		{E7C87EDD-6C4E-4BE4-B841-0CEC28BC2C37}.Debug|Any CPU.Build.0 = Debug|Any CPU
		{E7C87EDD-6C4E-4BE4-B841-0CEC28BC2C37}.Release|Any CPU.ActiveCfg = Release|Any CPU
		{E7C87EDD-6C4E-4BE4-B841-0CEC28BC2C37}.Release|Any CPU.Build.0 = Release|Any CPU
		{F411962B-6B22-49C9-B9A5-33FAAC76EE17}.Debug|Any CPU.ActiveCfg = Debug|Any CPU
		{F411962B-6B22-49C9-B9A5-33FAAC76EE17}.Debug|Any CPU.Build.0 = Debug|Any CPU
		{F411962B-6B22-49C9-B9A5-33FAAC76EE17}.Release|Any CPU.ActiveCfg = Release|Any CPU
		{F411962B-6B22-49C9-B9A5-33FAAC76EE17}.Release|Any CPU.Build.0 = Release|Any CPU
	EndGlobalSection
	GlobalSection(SolutionProperties) = preSolution
		HideSolutionNode = FALSE
	EndGlobalSection
	GlobalSection(NestedProjects) = preSolution
		{7FE44FB9-DA06-4793-A538-4ED3B8553C43} = {0D398DA9-775A-4453-BF18-CF563604846D}
		{5FDB6776-DDD9-4B0A-B677-4ECFCFB7FB0E} = {0D398DA9-775A-4453-BF18-CF563604846D}
		{DFF2694B-180A-431B-A657-6B400CA7BF4B} = {0D398DA9-775A-4453-BF18-CF563604846D}
		{A979B9C8-BD12-483F-B8C3-2BFAC76C2A21} = {7FE44FB9-DA06-4793-A538-4ED3B8553C43}
		{29F54E5C-0916-4390-9E0E-F6AF218707E0} = {7FE44FB9-DA06-4793-A538-4ED3B8553C43}
		{EE88B3FF-47FA-4FE3-9C5B-07C40B6F5A63} = {5FDB6776-DDD9-4B0A-B677-4ECFCFB7FB0E}
		{0E4F0DA7-71FE-4030-9C43-9389FC72E15B} = {5FDB6776-DDD9-4B0A-B677-4ECFCFB7FB0E}
		{E7C87EDD-6C4E-4BE4-B841-0CEC28BC2C37} = {DFF2694B-180A-431B-A657-6B400CA7BF4B}
		{F411962B-6B22-49C9-B9A5-33FAAC76EE17} = {40D9156A-AB8B-492F-9ECC-600341753300}
	EndGlobalSection
	GlobalSection(ExtensibilityGlobals) = postSolution
		SolutionGuid = {9BF62C99-BB05-4401-8ABE-8643028482AE}
	EndGlobalSection
EndGlobal
